<?xml version="1.0" encoding="utf-8"?>
<Project ToolsVersion="4.0" xmlns="http://schemas.microsoft.com/developer/msbuild/2003">
  <ItemGroup>
    <Filter Include="Engine">
      <UniqueIdentifier>{6824b8af-df8a-43fa-964a-54cbbb045845}</UniqueIdentifier>
    </Filter>
    <Filter Include="Default">
      <UniqueIdentifier>{d13d20e8-821e-4570-af63-880b0a9fcdda}</UniqueIdentifier>
    </Filter>
    <Filter Include="Default\리소스 파일">
      <UniqueIdentifier>{67DA6AB6-F800-4c08-8B7A-83BB121AAD01}</UniqueIdentifier>
      <Extensions>rc;ico;cur;bmp;dlg;rc2;rct;bin;rgs;gif;jpg;jpeg;jpe;resx;tiff;tif;png;wav;mfcribbon-ms</Extensions>
    </Filter>
    <Filter Include="Engine\02. Core">
      <UniqueIdentifier>{087341f6-47e4-45ac-81ed-ba6edf1105b9}</UniqueIdentifier>
    </Filter>
    <Filter Include="Engine\01. Header">
      <UniqueIdentifier>{67468a3b-0bb4-4ad4-8d3c-169a6b3e294a}</UniqueIdentifier>
    </Filter>
    <Filter Include="Engine\03. Manager">
      <UniqueIdentifier>{c8145403-a601-4b8c-bb1f-884c4accfe7d}</UniqueIdentifier>
    </Filter>
    <Filter Include="Engine\03. Manager\KeyMgr">
      <UniqueIdentifier>{c83cf920-f0a2-4469-a94c-bcb641a28334}</UniqueIdentifier>
    </Filter>
    <Filter Include="Engine\04. Object">
      <UniqueIdentifier>{04c4f735-a897-4523-868a-45542ed4aaa3}</UniqueIdentifier>
    </Filter>
    <Filter Include="Engine\03. Manager\TimeMgr">
      <UniqueIdentifier>{009c7510-35c5-4da4-8243-da5eec455963}</UniqueIdentifier>
    </Filter>
    <Filter Include="Engine\03. Manager\SceneMgr">
      <UniqueIdentifier>{96550b14-5524-475a-8cdf-53e7135d6b68}</UniqueIdentifier>
    </Filter>
    <Filter Include="Engine\05. Scene">
      <UniqueIdentifier>{f78a0bb6-2547-4c6a-b530-e7c77c9f1778}</UniqueIdentifier>
    </Filter>
    <Filter Include="Engine\05. Scene\Scene_Start">
      <UniqueIdentifier>{ad578c63-405f-4031-9c05-e11222aac14f}</UniqueIdentifier>
    </Filter>
    <Filter Include="Engine\05. Scene\Scene_Tool">
      <UniqueIdentifier>{607096ed-9e49-4e28-b9a4-9e426086dd5b}</UniqueIdentifier>
    </Filter>
    <Filter Include="Engine\04. Object\Player">
      <UniqueIdentifier>{a39cdc14-bc61-4172-9f76-35bb6c54d38c}</UniqueIdentifier>
    </Filter>
    <Filter Include="Engine\04. Object\Monster">
      <UniqueIdentifier>{27f60e65-b756-4fd8-81fe-76f82c0d1950}</UniqueIdentifier>
    </Filter>
    <Filter Include="Engine\04. Object\Missile">
      <UniqueIdentifier>{86841f5b-6335-4930-a1b4-b4e8a741603b}</UniqueIdentifier>
    </Filter>
    <Filter Include="Engine\06. Resource">
      <UniqueIdentifier>{7ebff545-444f-4549-8f46-57e89587e8fa}</UniqueIdentifier>
    </Filter>
    <Filter Include="Engine\06. Resource\Texture">
      <UniqueIdentifier>{bc42d828-e3dc-4e13-9aee-6120e5ae2bb4}</UniqueIdentifier>
    </Filter>
    <Filter Include="Engine\06. Resource\Sound">
      <UniqueIdentifier>{f0107a9d-0933-47f3-a7b2-e3882c2ae0fb}</UniqueIdentifier>
    </Filter>
    <Filter Include="Engine\03. Manager\PathMgr">
      <UniqueIdentifier>{7dca9bee-dbca-4e45-903f-1994978e97a2}</UniqueIdentifier>
    </Filter>
    <Filter Include="Engine\03. Manager\ResMgr">
      <UniqueIdentifier>{3552bc58-7a42-4f8d-8326-c6c14a7b7613}</UniqueIdentifier>
    </Filter>
    <Filter Include="Engine\07. Component">
      <UniqueIdentifier>{4dd5722a-f24a-4f4b-a8c1-e77fa0585c2d}</UniqueIdentifier>
    </Filter>
    <Filter Include="Engine\08. Module">
      <UniqueIdentifier>{1467ba57-f1e8-4a1f-adac-ee9e33358afd}</UniqueIdentifier>
    </Filter>
    <Filter Include="Engine\03. Manager\CollisionMgr">
      <UniqueIdentifier>{860ca241-1882-46c5-9edd-65210d0d96c6}</UniqueIdentifier>
    </Filter>
    <Filter Include="Engine\03. Manager\EventMgr">
      <UniqueIdentifier>{bc4670c9-30d5-498c-9fee-4dd59f2f3e88}</UniqueIdentifier>
    </Filter>
    <Filter Include="Engine\07. Component\Animator">
      <UniqueIdentifier>{f39ea26d-fa52-400f-8278-830c269bbdbf}</UniqueIdentifier>
    </Filter>
    <Filter Include="Engine\07. Component\Animator\Animation">
      <UniqueIdentifier>{867205da-8698-4289-8896-cf5d96f3bc6f}</UniqueIdentifier>
    </Filter>
    <Filter Include="Engine\07. Component\Collider">
      <UniqueIdentifier>{4e758634-948c-441a-8ed8-6040c2658260}</UniqueIdentifier>
    </Filter>
    <Filter Include="Engine\03. Manager\Camera">
      <UniqueIdentifier>{e62dbdc8-ed51-475e-a966-d6afc955225e}</UniqueIdentifier>
    </Filter>
    <Filter Include="Engine\04. Object\Tile">
      <UniqueIdentifier>{af07f83b-b0ac-4e33-bf22-53b97e0d1c51}</UniqueIdentifier>
    </Filter>
    <Filter Include="Engine\04. Object\UI">
      <UniqueIdentifier>{337bbc32-7449-4cac-8e85-8854c827d8c7}</UniqueIdentifier>
    </Filter>
    <Filter Include="Engine\03. Manager\UIMgr">
      <UniqueIdentifier>{b1f8c7bb-001b-4d42-9ee7-5398e0e1c21e}</UniqueIdentifier>
    </Filter>
    <Filter Include="Engine\04. Object\UI\PanelUI">
      <UniqueIdentifier>{73073502-4cc2-4d48-be72-7342ab658cd2}</UniqueIdentifier>
    </Filter>
    <Filter Include="Engine\04. Object\UI\BtnUI">
      <UniqueIdentifier>{d48efc06-b40d-4df2-b0c9-e16a45812bd0}</UniqueIdentifier>
    </Filter>
    <Filter Include="Engine\08. Module\AI">
      <UniqueIdentifier>{11f48078-5722-43a2-adb7-3c85bb5814a3}</UniqueIdentifier>
    </Filter>
    <Filter Include="Engine\08. Module\AI\State">
      <UniqueIdentifier>{80ce755a-c6a6-4b6f-894e-fa4d250a162a}</UniqueIdentifier>
    </Filter>
    <Filter Include="Engine\08. Module\AI\State\Idle">
      <UniqueIdentifier>{f29dc56f-ddb5-4208-9ce5-3d1e7c858948}</UniqueIdentifier>
    </Filter>
    <Filter Include="Engine\08. Module\AI\State\Attack">
      <UniqueIdentifier>{e3327849-62c3-4147-a184-08f44f79b01c}</UniqueIdentifier>
    </Filter>
    <Filter Include="Engine\08. Module\AI\State\Trace">
      <UniqueIdentifier>{78c8ec1a-0b77-4770-93f6-c3192734e60e}</UniqueIdentifier>
    </Filter>
    <Filter Include="Engine\08. Module\AI\State\Dead">
      <UniqueIdentifier>{df50229c-36b7-4f34-b435-88bd16952e42}</UniqueIdentifier>
    </Filter>
    <Filter Include="Engine\09. Factory">
      <UniqueIdentifier>{1a20bc0d-9064-4d6e-b7ad-1e119352b707}</UniqueIdentifier>
    </Filter>
    <Filter Include="Engine\09. Factory\MonFactory">
      <UniqueIdentifier>{71ac8f50-6bf5-43c0-8234-0f67bb20b30f}</UniqueIdentifier>
    </Filter>
    <Filter Include="Engine\07. Component\RigidBody">
      <UniqueIdentifier>{c3702cec-2cd2-471d-912d-4250bc4d72b8}</UniqueIdentifier>
    </Filter>
    <Filter Include="Engine\07. Component\Gravity">
      <UniqueIdentifier>{b0d0c869-c4ea-43a9-9ee5-f7af29f3f991}</UniqueIdentifier>
    </Filter>
    <Filter Include="Engine\04. Object\Ground">
      <UniqueIdentifier>{7bb75919-01ee-43be-b14e-c5e145adc890}</UniqueIdentifier>
    </Filter>
    <Filter Include="Engine\03. Manager\SoundMgr">
      <UniqueIdentifier>{fe40b8c4-2e9a-400e-86a5-d90b0eaaa287}</UniqueIdentifier>
    </Filter>
    <Filter Include="Engine\05. Scene\Scene_Test">
      <UniqueIdentifier>{e875b746-408a-481c-aa5d-7a846001da05}</UniqueIdentifier>
    </Filter>
    <Filter Include="Engine\04. Object\background">
      <UniqueIdentifier>{382ee520-e99f-4f01-96bd-fe5c59674570}</UniqueIdentifier>
    </Filter>
    <Filter Include="Engine\04. Object\background\door">
      <UniqueIdentifier>{442fff58-386e-40ce-9641-85f7dc55248a}</UniqueIdentifier>
    </Filter>
    <Filter Include="Engine\04. Object\background\wall">
      <UniqueIdentifier>{1808e15c-37f7-4467-8e55-5543ac1aa31b}</UniqueIdentifier>
    </Filter>
    <Filter Include="Engine\04. Object\background\bridge">
      <UniqueIdentifier>{65f3ed74-52e0-4dcc-877c-df3370998ddf}</UniqueIdentifier>
    </Filter>
    <Filter Include="Engine\03. Manager\ObjectMgr">
      <UniqueIdentifier>{036a96b7-9776-40ad-ab4e-6222bc6cfbef}</UniqueIdentifier>
    </Filter>
  </ItemGroup>
  <ItemGroup>
    <ClInclude Include="CCore.h">
      <Filter>Engine\02. Core</Filter>
    </ClInclude>
    <ClInclude Include="Client.h">
      <Filter>Default</Filter>
    </ClInclude>
    <ClInclude Include="framework.h">
      <Filter>Default</Filter>
    </ClInclude>
    <ClInclude Include="Resource.h">
      <Filter>Default</Filter>
    </ClInclude>
    <ClInclude Include="targetver.h">
      <Filter>Default</Filter>
    </ClInclude>
    <ClInclude Include="define.h">
      <Filter>Engine\01. Header</Filter>
    </ClInclude>
    <ClInclude Include="CKeyMgr.h">
      <Filter>Engine\03. Manager\KeyMgr</Filter>
    </ClInclude>
    <ClInclude Include="pch.h">
      <Filter>Engine\01. Header</Filter>
    </ClInclude>
    <ClInclude Include="struct.h">
      <Filter>Engine\01. Header</Filter>
    </ClInclude>
    <ClInclude Include="CTimeMgr.h">
      <Filter>Engine\03. Manager\TimeMgr</Filter>
    </ClInclude>
    <ClInclude Include="CSceneMgr.h">
      <Filter>Engine\03. Manager\SceneMgr</Filter>
    </ClInclude>
    <ClInclude Include="CScene.h">
      <Filter>Engine\05. Scene</Filter>
    </ClInclude>
    <ClInclude Include="CScene_Start.h">
      <Filter>Engine\05. Scene\Scene_Start</Filter>
    </ClInclude>
    <ClInclude Include="CMonster.h">
      <Filter>Engine\04. Object\Monster</Filter>
    </ClInclude>
    <ClInclude Include="CMissile.h">
      <Filter>Engine\04. Object\Missile</Filter>
    </ClInclude>
    <ClInclude Include="CRes.h">
      <Filter>Engine\06. Resource</Filter>
    </ClInclude>
    <ClInclude Include="CTexture.h">
      <Filter>Engine\06. Resource\Texture</Filter>
    </ClInclude>
    <ClInclude Include="CSound.h">
      <Filter>Engine\06. Resource\Sound</Filter>
    </ClInclude>
    <ClInclude Include="CPathMgr.h">
      <Filter>Engine\03. Manager\PathMgr</Filter>
    </ClInclude>
    <ClInclude Include="CResMgr.h">
      <Filter>Engine\03. Manager\ResMgr</Filter>
    </ClInclude>
    <ClInclude Include="SelectGDI.h">
      <Filter>Engine\08. Module</Filter>
    </ClInclude>
    <ClInclude Include="CPlayer.h">
      <Filter>Engine\04. Object\Player</Filter>
    </ClInclude>
    <ClInclude Include="CCollisionMgr.h">
      <Filter>Engine\03. Manager\CollisionMgr</Filter>
    </ClInclude>
    <ClInclude Include="CEventMgr.h">
      <Filter>Engine\03. Manager\EventMgr</Filter>
    </ClInclude>
    <ClInclude Include="CObject.h">
      <Filter>Engine\04. Object</Filter>
    </ClInclude>
    <ClInclude Include="func.h">
      <Filter>Engine\01. Header</Filter>
    </ClInclude>
    <ClInclude Include="CScene_Tool.h">
      <Filter>Engine\05. Scene\Scene_Tool</Filter>
    </ClInclude>
    <ClInclude Include="CCollider.h">
      <Filter>Engine\07. Component\Collider</Filter>
    </ClInclude>
    <ClInclude Include="CAnimator.h">
      <Filter>Engine\07. Component\Animator</Filter>
    </ClInclude>
    <ClInclude Include="CAnimation.h">
      <Filter>Engine\07. Component\Animator\Animation</Filter>
    </ClInclude>
    <ClInclude Include="CCamera.h">
      <Filter>Engine\03. Manager\Camera</Filter>
    </ClInclude>
    <ClInclude Include="CTile.h">
      <Filter>Engine\04. Object\Tile</Filter>
    </ClInclude>
    <ClInclude Include="CUI.h">
      <Filter>Engine\04. Object\UI</Filter>
    </ClInclude>
    <ClInclude Include="CUIMgr.h">
      <Filter>Engine\03. Manager\UIMgr</Filter>
    </ClInclude>
    <ClInclude Include="CPanelUI.h">
      <Filter>Engine\04. Object\UI\PanelUI</Filter>
    </ClInclude>
    <ClInclude Include="CBtnUI.h">
      <Filter>Engine\04. Object\UI\BtnUI</Filter>
    </ClInclude>
    <ClInclude Include="AI.h">
      <Filter>Engine\08. Module\AI</Filter>
    </ClInclude>
    <ClInclude Include="CState.h">
      <Filter>Engine\08. Module\AI\State</Filter>
    </ClInclude>
    <ClInclude Include="CIdleState.h">
      <Filter>Engine\08. Module\AI\State\Idle</Filter>
    </ClInclude>
    <ClInclude Include="CTraceState.h">
      <Filter>Engine\08. Module\AI\State\Trace</Filter>
    </ClInclude>
    <ClInclude Include="CMonFactory.h">
      <Filter>Engine\09. Factory\MonFactory</Filter>
    </ClInclude>
    <ClInclude Include="CRigidBody.h">
      <Filter>Engine\07. Component\RigidBody</Filter>
    </ClInclude>
    <ClInclude Include="CGravity.h">
      <Filter>Engine\07. Component\Gravity</Filter>
    </ClInclude>
    <ClInclude Include="CGround.h">
      <Filter>Engine\04. Object\Ground</Filter>
    </ClInclude>
    <ClInclude Include="CSoundMgr.h">
      <Filter>Engine\03. Manager\SoundMgr</Filter>
    </ClInclude>
    <ClInclude Include="CScene_Test.h">
      <Filter>Engine\05. Scene\Scene_Test</Filter>
    </ClInclude>
    <ClInclude Include="CBackground.h">
      <Filter>Engine\04. Object\background</Filter>
    </ClInclude>
    <ClInclude Include="CBridge.h">
      <Filter>Engine\04. Object\background\bridge</Filter>
    </ClInclude>
    <ClInclude Include="CObjectMgr.h">
      <Filter>Engine\03. Manager\ObjectMgr</Filter>
    </ClInclude>
  </ItemGroup>
  <ItemGroup>
    <ClCompile Include="CCore.cpp">
      <Filter>Engine\02. Core</Filter>
    </ClCompile>
    <ClCompile Include="CKeyMgr.cpp">
      <Filter>Engine\03. Manager\KeyMgr</Filter>
    </ClCompile>
    <ClCompile Include="main.cpp" />
    <ClCompile Include="CObject.cpp">
      <Filter>Engine\04. Object</Filter>
    </ClCompile>
    <ClCompile Include="CTimeMgr.cpp">
      <Filter>Engine\03. Manager\TimeMgr</Filter>
    </ClCompile>
    <ClCompile Include="CSceneMgr.cpp">
      <Filter>Engine\03. Manager\SceneMgr</Filter>
    </ClCompile>
    <ClCompile Include="CScene.cpp">
      <Filter>Engine\05. Scene</Filter>
    </ClCompile>
    <ClCompile Include="CScene_Start.cpp">
      <Filter>Engine\05. Scene\Scene_Start</Filter>
    </ClCompile>
    <ClCompile Include="CPlayer.cpp">
      <Filter>Engine\04. Object\Player</Filter>
    </ClCompile>
    <ClCompile Include="CMonster.cpp">
      <Filter>Engine\04. Object\Monster</Filter>
    </ClCompile>
    <ClCompile Include="CMissile.cpp">
      <Filter>Engine\04. Object\Missile</Filter>
    </ClCompile>
    <ClCompile Include="CRes.cpp">
      <Filter>Engine\06. Resource</Filter>
    </ClCompile>
    <ClCompile Include="CTexture.cpp">
      <Filter>Engine\06. Resource\Texture</Filter>
    </ClCompile>
    <ClCompile Include="CSound.cpp">
      <Filter>Engine\06. Resource\Sound</Filter>
    </ClCompile>
    <ClCompile Include="CPathMgr.cpp">
      <Filter>Engine\03. Manager\PathMgr</Filter>
    </ClCompile>
    <ClCompile Include="CResMgr.cpp">
      <Filter>Engine\03. Manager\ResMgr</Filter>
    </ClCompile>
    <ClCompile Include="SelectGDI.cpp">
      <Filter>Engine\08. Module</Filter>
    </ClCompile>
    <ClCompile Include="CCollisionMgr.cpp">
      <Filter>Engine\03. Manager\CollisionMgr</Filter>
    </ClCompile>
    <ClCompile Include="CEventMgr.cpp">
      <Filter>Engine\03. Manager\EventMgr</Filter>
    </ClCompile>
    <ClCompile Include="func.cpp">
      <Filter>Engine\01. Header</Filter>
    </ClCompile>
    <ClCompile Include="CScene_Tool.cpp">
      <Filter>Engine\05. Scene\Scene_Tool</Filter>
    </ClCompile>
    <ClCompile Include="CCollider.cpp">
      <Filter>Engine\07. Component\Collider</Filter>
    </ClCompile>
    <ClCompile Include="CAnimator.cpp">
      <Filter>Engine\07. Component\Animator</Filter>
    </ClCompile>
    <ClCompile Include="CAnimation.cpp">
      <Filter>Engine\07. Component\Animator\Animation</Filter>
    </ClCompile>
    <ClCompile Include="CCamera.cpp">
      <Filter>Engine\03. Manager\Camera</Filter>
    </ClCompile>
    <ClCompile Include="pch.cpp">
      <Filter>Engine\01. Header</Filter>
    </ClCompile>
    <ClCompile Include="CTile.cpp">
      <Filter>Engine\04. Object\Tile</Filter>
    </ClCompile>
    <ClCompile Include="CUI.cpp">
      <Filter>Engine\04. Object\UI</Filter>
    </ClCompile>
    <ClCompile Include="CUIMgr.cpp">
      <Filter>Engine\03. Manager\UIMgr</Filter>
    </ClCompile>
    <ClCompile Include="CPanelUI.cpp">
      <Filter>Engine\04. Object\UI\PanelUI</Filter>
    </ClCompile>
    <ClCompile Include="CBtnUI.cpp">
      <Filter>Engine\04. Object\UI\BtnUI</Filter>
    </ClCompile>
    <ClCompile Include="AI.cpp">
      <Filter>Engine\08. Module\AI</Filter>
    </ClCompile>
    <ClCompile Include="CState.cpp">
      <Filter>Engine\08. Module\AI\State</Filter>
    </ClCompile>
    <ClCompile Include="CIdleState.cpp">
      <Filter>Engine\08. Module\AI\State\Idle</Filter>
    </ClCompile>
    <ClCompile Include="CTraceState.cpp">
      <Filter>Engine\08. Module\AI\State\Trace</Filter>
    </ClCompile>
    <ClCompile Include="CMonFactory.cpp">
      <Filter>Engine\09. Factory\MonFactory</Filter>
    </ClCompile>
    <ClCompile Include="CRigidBody.cpp">
      <Filter>Engine\07. Component\RigidBody</Filter>
    </ClCompile>
    <ClCompile Include="CGravity.cpp">
      <Filter>Engine\07. Component\Gravity</Filter>
    </ClCompile>
    <ClCompile Include="CGround.cpp">
      <Filter>Engine\04. Object\Ground</Filter>
    </ClCompile>
    <ClCompile Include="CSoundMgr.cpp">
      <Filter>Engine\03. Manager\SoundMgr</Filter>
    </ClCompile>
    <ClCompile Include="CScene_Test.cpp">
      <Filter>Engine\05. Scene\Scene_Test</Filter>
    </ClCompile>
    <ClCompile Include="CBackground.cpp">
      <Filter>Engine\04. Object\background</Filter>
    </ClCompile>
    <ClCompile Include="CBridge.cpp">
      <Filter>Engine\04. Object\background\bridge</Filter>
    </ClCompile>
    <ClCompile Include="CObjectMgr.cpp">
      <Filter>Engine\03. Manager\ObjectMgr</Filter>
    </ClCompile>
  </ItemGroup>
  <ItemGroup>
    <ResourceCompile Include="Client.rc">
      <Filter>Default\리소스 파일</Filter>
    </ResourceCompile>
  </ItemGroup>
  <ItemGroup>
    <Image Include="small.ico">
      <Filter>Default\리소스 파일</Filter>
    </Image>
    <Image Include="Client.ico">
      <Filter>Default\리소스 파일</Filter>
    </Image>
  </ItemGroup>
</Project>